// !$*UTF8*$!
{
	archiveVersion = 1;
	classes = {
	};
	objectVersion = 51;
	objects = {

/* Begin PBXBuildFile section */
		0010155A248DB06C0049554F /* Items.swift in Sources */ = {isa = PBXBuildFile; fileRef = 00101559248DB06C0049554F /* Items.swift */; };
		001669DA24A6B12500BC8120 /* Comment.swift in Sources */ = {isa = PBXBuildFile; fileRef = 001669D924A6B12500BC8120 /* Comment.swift */; };
		00325C8F2492F65900B61734 /* Localizable.strings in Resources */ = {isa = PBXBuildFile; fileRef = 00325C912492F65900B61734 /* Localizable.strings */; };
		003BCDA02483E01100CE8981 /* Constraints.swift in Sources */ = {isa = PBXBuildFile; fileRef = 003BCD9F2483E01100CE8981 /* Constraints.swift */; };
		003BCDA22483E04100CE8981 /* UIColor.swift in Sources */ = {isa = PBXBuildFile; fileRef = 003BCDA12483E04100CE8981 /* UIColor.swift */; };
		003BCDA42483E19000CE8981 /* Alert.swift in Sources */ = {isa = PBXBuildFile; fileRef = 003BCDA32483E19000CE8981 /* Alert.swift */; };
		004C803C249245CB00AEF579 /* CommentView.swift in Sources */ = {isa = PBXBuildFile; fileRef = 004C803B249245CB00AEF579 /* CommentView.swift */; };
		0054591A248EC2FE00395245 /* Home.swift in Sources */ = {isa = PBXBuildFile; fileRef = 00545919248EC2FE00395245 /* Home.swift */; };
		0072259624A2C76F0042AAFA /* Cache.swift in Sources */ = {isa = PBXBuildFile; fileRef = 0072259524A2C76F0042AAFA /* Cache.swift */; };
		0074EB03248EF71B0087C97C /* LeftMenu.swift in Sources */ = {isa = PBXBuildFile; fileRef = 0074EB02248EF71B0087C97C /* LeftMenu.swift */; };
		007A35D1248849F3001C6CDC /* User.swift in Sources */ = {isa = PBXBuildFile; fileRef = 007A35D0248849F3001C6CDC /* User.swift */; };
		00924E822485E27F0091D0EA /* OzelTextField.swift in Sources */ = {isa = PBXBuildFile; fileRef = 00924E812485E27F0091D0EA /* OzelTextField.swift */; };
		0093FA8024A08909009C24CA /* CommentCell.swift in Sources */ = {isa = PBXBuildFile; fileRef = 0093FA7E24A08909009C24CA /* CommentCell.swift */; };
		0093FA8124A08909009C24CA /* CommentCell.xib in Resources */ = {isa = PBXBuildFile; fileRef = 0093FA7F24A08909009C24CA /* CommentCell.xib */; };
		009EA30C248F106E00D4AA06 /* LeftMenuCell.swift in Sources */ = {isa = PBXBuildFile; fileRef = 009EA30B248F106E00D4AA06 /* LeftMenuCell.swift */; };
		00BD7BF7248D519100D54516 /* AddImage.swift in Sources */ = {isa = PBXBuildFile; fileRef = 00BD7BF6248D519100D54516 /* AddImage.swift */; };
		00C94B722485A54800C43A52 /* SignIn.swift in Sources */ = {isa = PBXBuildFile; fileRef = 00C94B712485A54800C43A52 /* SignIn.swift */; };
		00C94B742485A55500C43A52 /* SignUp.swift in Sources */ = {isa = PBXBuildFile; fileRef = 00C94B732485A55500C43A52 /* SignUp.swift */; };
		00C94B762485A58300C43A52 /* ForgotPassword.swift in Sources */ = {isa = PBXBuildFile; fileRef = 00C94B752485A58300C43A52 /* ForgotPassword.swift */; };
		00E6749E2481E19B00506B61 /* AppDelegate.swift in Sources */ = {isa = PBXBuildFile; fileRef = 00E6749D2481E19B00506B61 /* AppDelegate.swift */; };
		00E674A02481E19B00506B61 /* SceneDelegate.swift in Sources */ = {isa = PBXBuildFile; fileRef = 00E6749F2481E19B00506B61 /* SceneDelegate.swift */; };
		00E674A22481E19B00506B61 /* SplashView.swift in Sources */ = {isa = PBXBuildFile; fileRef = 00E674A12481E19B00506B61 /* SplashView.swift */; };
		00E674A52481E19B00506B61 /* Main.storyboard in Resources */ = {isa = PBXBuildFile; fileRef = 00E674A32481E19B00506B61 /* Main.storyboard */; };
		00E674A82481E19B00506B61 /* Fiind.xcdatamodeld in Sources */ = {isa = PBXBuildFile; fileRef = 00E674A62481E19B00506B61 /* Fiind.xcdatamodeld */; };
		00E674AA2481E19E00506B61 /* Assets.xcassets in Resources */ = {isa = PBXBuildFile; fileRef = 00E674A92481E19E00506B61 /* Assets.xcassets */; };
		00E674AD2481E19E00506B61 /* LaunchScreen.storyboard in Resources */ = {isa = PBXBuildFile; fileRef = 00E674AB2481E19E00506B61 /* LaunchScreen.storyboard */; };
		00E674B52481E1C900506B61 /* GoogleService-Info.plist in Resources */ = {isa = PBXBuildFile; fileRef = 00E674B42481E1C900506B61 /* GoogleService-Info.plist */; };
		5D260848830210A7787661AA /* Pods_Fiind.framework in Frameworks */ = {isa = PBXBuildFile; fileRef = C400F9D021C817897FFE7EAC /* Pods_Fiind.framework */; };
/* End PBXBuildFile section */

/* Begin PBXFileReference section */
		00101559248DB06C0049554F /* Items.swift */ = {isa = PBXFileReference; lastKnownFileType = sourcecode.swift; path = Items.swift; sourceTree = "<group>"; };
		001669D924A6B12500BC8120 /* Comment.swift */ = {isa = PBXFileReference; lastKnownFileType = sourcecode.swift; path = Comment.swift; sourceTree = "<group>"; };
		00325C902492F65900B61734 /* en */ = {isa = PBXFileReference; lastKnownFileType = text.plist.strings; name = en; path = en.lproj/Localizable.strings; sourceTree = "<group>"; };
		00325C922492F69500B61734 /* tr */ = {isa = PBXFileReference; lastKnownFileType = text.plist.strings; name = tr; path = tr.lproj/Main.strings; sourceTree = "<group>"; };
		00325C932492F69600B61734 /* tr */ = {isa = PBXFileReference; lastKnownFileType = text.plist.strings; name = tr; path = tr.lproj/LaunchScreen.strings; sourceTree = "<group>"; };
		00325C942492F69700B61734 /* tr */ = {isa = PBXFileReference; lastKnownFileType = text.plist.strings; name = tr; path = tr.lproj/Localizable.strings; sourceTree = "<group>"; };
		00325C952492F6AE00B61734 /* de */ = {isa = PBXFileReference; lastKnownFileType = text.plist.strings; name = de; path = de.lproj/Main.strings; sourceTree = "<group>"; };
		00325C962492F6AE00B61734 /* de */ = {isa = PBXFileReference; lastKnownFileType = text.plist.strings; name = de; path = de.lproj/LaunchScreen.strings; sourceTree = "<group>"; };
		00325C972492F6AE00B61734 /* de */ = {isa = PBXFileReference; lastKnownFileType = text.plist.strings; name = de; path = de.lproj/Localizable.strings; sourceTree = "<group>"; };
		003BCD9F2483E01100CE8981 /* Constraints.swift */ = {isa = PBXFileReference; lastKnownFileType = sourcecode.swift; path = Constraints.swift; sourceTree = "<group>"; };
		003BCDA12483E04100CE8981 /* UIColor.swift */ = {isa = PBXFileReference; lastKnownFileType = sourcecode.swift; path = UIColor.swift; sourceTree = "<group>"; };
		003BCDA32483E19000CE8981 /* Alert.swift */ = {isa = PBXFileReference; lastKnownFileType = sourcecode.swift; path = Alert.swift; sourceTree = "<group>"; };
		004C803B249245CB00AEF579 /* CommentView.swift */ = {isa = PBXFileReference; lastKnownFileType = sourcecode.swift; path = CommentView.swift; sourceTree = "<group>"; };
		00545919248EC2FE00395245 /* Home.swift */ = {isa = PBXFileReference; lastKnownFileType = sourcecode.swift; path = Home.swift; sourceTree = "<group>"; };
		0072259524A2C76F0042AAFA /* Cache.swift */ = {isa = PBXFileReference; lastKnownFileType = sourcecode.swift; path = Cache.swift; sourceTree = "<group>"; };
		0074EB02248EF71B0087C97C /* LeftMenu.swift */ = {isa = PBXFileReference; lastKnownFileType = sourcecode.swift; path = LeftMenu.swift; sourceTree = "<group>"; };
		007A35D0248849F3001C6CDC /* User.swift */ = {isa = PBXFileReference; lastKnownFileType = sourcecode.swift; path = User.swift; sourceTree = "<group>"; };
		00924E812485E27F0091D0EA /* OzelTextField.swift */ = {isa = PBXFileReference; lastKnownFileType = sourcecode.swift; path = OzelTextField.swift; sourceTree = "<group>"; };
		0093FA7E24A08909009C24CA /* CommentCell.swift */ = {isa = PBXFileReference; lastKnownFileType = sourcecode.swift; path = CommentCell.swift; sourceTree = "<group>"; };
		0093FA7F24A08909009C24CA /* CommentCell.xib */ = {isa = PBXFileReference; lastKnownFileType = file.xib; path = CommentCell.xib; sourceTree = "<group>"; };
		009EA30B248F106E00D4AA06 /* LeftMenuCell.swift */ = {isa = PBXFileReference; lastKnownFileType = sourcecode.swift; path = LeftMenuCell.swift; sourceTree = "<group>"; };
		00BD7BF6248D519100D54516 /* AddImage.swift */ = {isa = PBXFileReference; lastKnownFileType = sourcecode.swift; path = AddImage.swift; sourceTree = "<group>"; };
		00C94B712485A54800C43A52 /* SignIn.swift */ = {isa = PBXFileReference; lastKnownFileType = sourcecode.swift; path = SignIn.swift; sourceTree = "<group>"; };
		00C94B732485A55500C43A52 /* SignUp.swift */ = {isa = PBXFileReference; lastKnownFileType = sourcecode.swift; path = SignUp.swift; sourceTree = "<group>"; };
		00C94B752485A58300C43A52 /* ForgotPassword.swift */ = {isa = PBXFileReference; lastKnownFileType = sourcecode.swift; path = ForgotPassword.swift; sourceTree = "<group>"; };
		00E6749A2481E19B00506B61 /* Fiind.app */ = {isa = PBXFileReference; explicitFileType = wrapper.application; includeInIndex = 0; path = Fiind.app; sourceTree = BUILT_PRODUCTS_DIR; };
		00E6749D2481E19B00506B61 /* AppDelegate.swift */ = {isa = PBXFileReference; lastKnownFileType = sourcecode.swift; path = AppDelegate.swift; sourceTree = "<group>"; };
		00E6749F2481E19B00506B61 /* SceneDelegate.swift */ = {isa = PBXFileReference; lastKnownFileType = sourcecode.swift; path = SceneDelegate.swift; sourceTree = "<group>"; };
		00E674A12481E19B00506B61 /* SplashView.swift */ = {isa = PBXFileReference; lastKnownFileType = sourcecode.swift; path = SplashView.swift; sourceTree = "<group>"; };
		00E674A42481E19B00506B61 /* Base */ = {isa = PBXFileReference; lastKnownFileType = file.storyboard; name = Base; path = Base.lproj/Main.storyboard; sourceTree = "<group>"; };
		00E674A72481E19B00506B61 /* Fiind.xcdatamodel */ = {isa = PBXFileReference; lastKnownFileType = wrapper.xcdatamodel; path = Fiind.xcdatamodel; sourceTree = "<group>"; };
		00E674A92481E19E00506B61 /* Assets.xcassets */ = {isa = PBXFileReference; lastKnownFileType = folder.assetcatalog; path = Assets.xcassets; sourceTree = "<group>"; };
		00E674AC2481E19E00506B61 /* Base */ = {isa = PBXFileReference; lastKnownFileType = file.storyboard; name = Base; path = Base.lproj/LaunchScreen.storyboard; sourceTree = "<group>"; };
		00E674AE2481E19E00506B61 /* Info.plist */ = {isa = PBXFileReference; lastKnownFileType = text.plist.xml; path = Info.plist; sourceTree = "<group>"; };
		00E674B42481E1C900506B61 /* GoogleService-Info.plist */ = {isa = PBXFileReference; lastKnownFileType = text.plist; path = "GoogleService-Info.plist"; sourceTree = SOURCE_ROOT; };
		97713D30DC1B528C1FFCB276 /* Pods-Fiind.debug.xcconfig */ = {isa = PBXFileReference; includeInIndex = 1; lastKnownFileType = text.xcconfig; name = "Pods-Fiind.debug.xcconfig"; path = "Target Support Files/Pods-Fiind/Pods-Fiind.debug.xcconfig"; sourceTree = "<group>"; };
		C0C6B0A14A7669131DF9BD83 /* Pods-Fiind.release.xcconfig */ = {isa = PBXFileReference; includeInIndex = 1; lastKnownFileType = text.xcconfig; name = "Pods-Fiind.release.xcconfig"; path = "Target Support Files/Pods-Fiind/Pods-Fiind.release.xcconfig"; sourceTree = "<group>"; };
		C400F9D021C817897FFE7EAC /* Pods_Fiind.framework */ = {isa = PBXFileReference; explicitFileType = wrapper.framework; includeInIndex = 0; path = Pods_Fiind.framework; sourceTree = BUILT_PRODUCTS_DIR; };
/* End PBXFileReference section */

/* Begin PBXFrameworksBuildPhase section */
		00E674972481E19B00506B61 /* Frameworks */ = {
			isa = PBXFrameworksBuildPhase;
			buildActionMask = 2147483647;
			files = (
				5D260848830210A7787661AA /* Pods_Fiind.framework in Frameworks */,
			);
			runOnlyForDeploymentPostprocessing = 0;
		};
/* End PBXFrameworksBuildPhase section */

/* Begin PBXGroup section */
		003BCD9E2483DFE700CE8981 /* Extension */ = {
			isa = PBXGroup;
			children = (
				003BCD9F2483E01100CE8981 /* Constraints.swift */,
				003BCDA12483E04100CE8981 /* UIColor.swift */,
				003BCDA32483E19000CE8981 /* Alert.swift */,
				00924E812485E27F0091D0EA /* OzelTextField.swift */,
			);
			path = Extension;
			sourceTree = "<group>";
		};
		0049EB1D2483DC1200EB084A /* Welcome and Registation */ = {
			isa = PBXGroup;
			children = (
				00E674A12481E19B00506B61 /* SplashView.swift */,
				00C94B712485A54800C43A52 /* SignIn.swift */,
				00C94B732485A55500C43A52 /* SignUp.swift */,
				00C94B752485A58300C43A52 /* ForgotPassword.swift */,
			);
			path = "Welcome and Registation";
			sourceTree = "<group>";
		};
		004C80392492458900AEF579 /* LeftMenu */ = {
			isa = PBXGroup;
			children = (
				0074EB02248EF71B0087C97C /* LeftMenu.swift */,
				009EA30B248F106E00D4AA06 /* LeftMenuCell.swift */,
			);
			path = LeftMenu;
			sourceTree = "<group>";
		};
		004C803A249245A500AEF579 /* ItemComment */ = {
			isa = PBXGroup;
			children = (
				004C803B249245CB00AEF579 /* CommentView.swift */,
				0093FA7E24A08909009C24CA /* CommentCell.swift */,
				0093FA7F24A08909009C24CA /* CommentCell.xib */,
			);
			path = ItemComment;
			sourceTree = "<group>";
		};
		004C803D249256AC00AEF579 /* Change language */ = {
			isa = PBXGroup;
			children = (
			);
			path = "Change language";
			sourceTree = "<group>";
		};
		006B96CD24866D2D00B2CF25 /* HomeController */ = {
			isa = PBXGroup;
			children = (
				00545919248EC2FE00395245 /* Home.swift */,
				0072259524A2C76F0042AAFA /* Cache.swift */,
			);
			path = HomeController;
			sourceTree = "<group>";
		};
		007A35CF248849D7001C6CDC /* Firebase Model */ = {
			isa = PBXGroup;
			children = (
				007A35D0248849F3001C6CDC /* User.swift */,
				00101559248DB06C0049554F /* Items.swift */,
				001669D924A6B12500BC8120 /* Comment.swift */,
			);
			path = "Firebase Model";
			sourceTree = "<group>";
		};
		00BD7BF5248D516200D54516 /* AddPhoto */ = {
			isa = PBXGroup;
			children = (
				00BD7BF6248D519100D54516 /* AddImage.swift */,
			);
			path = AddPhoto;
			sourceTree = "<group>";
		};
		00E674912481E19B00506B61 = {
			isa = PBXGroup;
			children = (
				00E6749C2481E19B00506B61 /* Fiind */,
				004C803D249256AC00AEF579 /* Change language */,
				007A35CF248849D7001C6CDC /* Firebase Model */,
				0049EB1D2483DC1200EB084A /* Welcome and Registation */,
				006B96CD24866D2D00B2CF25 /* HomeController */,
				004C803A249245A500AEF579 /* ItemComment */,
				004C80392492458900AEF579 /* LeftMenu */,
				00BD7BF5248D516200D54516 /* AddPhoto */,
				003BCD9E2483DFE700CE8981 /* Extension */,
				00E6749B2481E19B00506B61 /* Products */,
				1FA1843C093515E0C0C490E8 /* Pods */,
				597E3C9FE847D4C13D5B1F06 /* Frameworks */,
			);
			sourceTree = "<group>";
		};
		00E6749B2481E19B00506B61 /* Products */ = {
			isa = PBXGroup;
			children = (
				00E6749A2481E19B00506B61 /* Fiind.app */,
			);
			name = Products;
			sourceTree = "<group>";
		};
		00E6749C2481E19B00506B61 /* Fiind */ = {
			isa = PBXGroup;
			children = (
				00E6749D2481E19B00506B61 /* AppDelegate.swift */,
				00E6749F2481E19B00506B61 /* SceneDelegate.swift */,
				00E674A32481E19B00506B61 /* Main.storyboard */,
				00E674A92481E19E00506B61 /* Assets.xcassets */,
				00E674AB2481E19E00506B61 /* LaunchScreen.storyboard */,
				00E674AE2481E19E00506B61 /* Info.plist */,
				00E674B42481E1C900506B61 /* GoogleService-Info.plist */,
				00E674A62481E19B00506B61 /* Fiind.xcdatamodeld */,
				00325C912492F65900B61734 /* Localizable.strings */,
			);
			path = Fiind;
			sourceTree = "<group>";
		};
		1FA1843C093515E0C0C490E8 /* Pods */ = {
			isa = PBXGroup;
			children = (
				97713D30DC1B528C1FFCB276 /* Pods-Fiind.debug.xcconfig */,
				C0C6B0A14A7669131DF9BD83 /* Pods-Fiind.release.xcconfig */,
			);
			path = Pods;
			sourceTree = "<group>";
		};
		597E3C9FE847D4C13D5B1F06 /* Frameworks */ = {
			isa = PBXGroup;
			children = (
				C400F9D021C817897FFE7EAC /* Pods_Fiind.framework */,
			);
			name = Frameworks;
			sourceTree = "<group>";
		};
/* End PBXGroup section */

/* Begin PBXNativeTarget section */
		00E674992481E19B00506B61 /* Fiind */ = {
			isa = PBXNativeTarget;
			buildConfigurationList = 00E674B12481E19E00506B61 /* Build configuration list for PBXNativeTarget "Fiind" */;
			buildPhases = (
				A555663E872CF18A21FF75D2 /* [CP] Check Pods Manifest.lock */,
				00E674962481E19B00506B61 /* Sources */,
				00E674972481E19B00506B61 /* Frameworks */,
				00E674982481E19B00506B61 /* Resources */,
				497CB1D93FD84F8617F9FD99 /* [CP] Embed Pods Frameworks */,
			);
			buildRules = (
			);
			dependencies = (
			);
			name = Fiind;
			productName = Fiind;
			productReference = 00E6749A2481E19B00506B61 /* Fiind.app */;
			productType = "com.apple.product-type.application";
		};
/* End PBXNativeTarget section */

/* Begin PBXProject section */
		00E674922481E19B00506B61 /* Project object */ = {
			isa = PBXProject;
			attributes = {
				LastSwiftUpdateCheck = 1150;
				LastUpgradeCheck = 1150;
				ORGANIZATIONNAME = "İlyas Abiyev";
				TargetAttributes = {
					00E674992481E19B00506B61 = {
						CreatedOnToolsVersion = 11.5;
					};
				};
			};
			buildConfigurationList = 00E674952481E19B00506B61 /* Build configuration list for PBXProject "Fiind" */;
			compatibilityVersion = "Xcode 9.3";
			developmentRegion = en;
			hasScannedForEncodings = 0;
			knownRegions = (
				en,
				Base,
				tr,
				de,
			);
			mainGroup = 00E674912481E19B00506B61;
			productRefGroup = 00E6749B2481E19B00506B61 /* Products */;
			projectDirPath = "";
			projectRoot = "";
			targets = (
				00E674992481E19B00506B61 /* Fiind */,
			);
		};
/* End PBXProject section */

/* Begin PBXResourcesBuildPhase section */
		00E674982481E19B00506B61 /* Resources */ = {
			isa = PBXResourcesBuildPhase;
			buildActionMask = 2147483647;
			files = (
				00325C8F2492F65900B61734 /* Localizable.strings in Resources */,
				00E674AD2481E19E00506B61 /* LaunchScreen.storyboard in Resources */,
				00E674B52481E1C900506B61 /* GoogleService-Info.plist in Resources */,
				0093FA8124A08909009C24CA /* CommentCell.xib in Resources */,
				00E674AA2481E19E00506B61 /* Assets.xcassets in Resources */,
				00E674A52481E19B00506B61 /* Main.storyboard in Resources */,
			);
			runOnlyForDeploymentPostprocessing = 0;
		};
/* End PBXResourcesBuildPhase section */

/* Begin PBXShellScriptBuildPhase section */
		497CB1D93FD84F8617F9FD99 /* [CP] Embed Pods Frameworks */ = {
			isa = PBXShellScriptBuildPhase;
			buildActionMask = 2147483647;
			files = (
			);
			inputFileListPaths = (
				"${PODS_ROOT}/Target Support Files/Pods-Fiind/Pods-Fiind-frameworks-${CONFIGURATION}-input-files.xcfilelist",
			);
			name = "[CP] Embed Pods Frameworks";
			outputFileListPaths = (
				"${PODS_ROOT}/Target Support Files/Pods-Fiind/Pods-Fiind-frameworks-${CONFIGURATION}-output-files.xcfilelist",
			);
			runOnlyForDeploymentPostprocessing = 0;
			shellPath = /bin/sh;
			shellScript = "\"${PODS_ROOT}/Target Support Files/Pods-Fiind/Pods-Fiind-frameworks.sh\"\n";
			showEnvVarsInLog = 0;
		};
		A555663E872CF18A21FF75D2 /* [CP] Check Pods Manifest.lock */ = {
			isa = PBXShellScriptBuildPhase;
			buildActionMask = 2147483647;
			files = (
			);
			inputFileListPaths = (
			);
			inputPaths = (
				"${PODS_PODFILE_DIR_PATH}/Podfile.lock",
				"${PODS_ROOT}/Manifest.lock",
			);
			name = "[CP] Check Pods Manifest.lock";
			outputFileListPaths = (
			);
			outputPaths = (
				"$(DERIVED_FILE_DIR)/Pods-Fiind-checkManifestLockResult.txt",
			);
			runOnlyForDeploymentPostprocessing = 0;
			shellPath = /bin/sh;
			shellScript = "diff \"${PODS_PODFILE_DIR_PATH}/Podfile.lock\" \"${PODS_ROOT}/Manifest.lock\" > /dev/null\nif [ $? != 0 ] ; then\n    # print error to STDERR\n    echo \"error: The sandbox is not in sync with the Podfile.lock. Run 'pod install' or update your CocoaPods installation.\" >&2\n    exit 1\nfi\n# This output is used by Xcode 'outputs' to avoid re-running this script phase.\necho \"SUCCESS\" > \"${SCRIPT_OUTPUT_FILE_0}\"\n";
			showEnvVarsInLog = 0;
		};
/* End PBXShellScriptBuildPhase section */

/* Begin PBXSourcesBuildPhase section */
		00E674962481E19B00506B61 /* Sources */ = {
			isa = PBXSourcesBuildPhase;
			buildActionMask = 2147483647;
			files = (
				0093FA8024A08909009C24CA /* CommentCell.swift in Sources */,
				004C803C249245CB00AEF579 /* CommentView.swift in Sources */,
				007A35D1248849F3001C6CDC /* User.swift in Sources */,
				00924E822485E27F0091D0EA /* OzelTextField.swift in Sources */,
				009EA30C248F106E00D4AA06 /* LeftMenuCell.swift in Sources */,
				00E674A82481E19B00506B61 /* Fiind.xcdatamodeld in Sources */,
				0072259624A2C76F0042AAFA /* Cache.swift in Sources */,
				0010155A248DB06C0049554F /* Items.swift in Sources */,
				003BCDA22483E04100CE8981 /* UIColor.swift in Sources */,
				00E674A22481E19B00506B61 /* SplashView.swift in Sources */,
				001669DA24A6B12500BC8120 /* Comment.swift in Sources */,
				003BCDA02483E01100CE8981 /* Constraints.swift in Sources */,
				0054591A248EC2FE00395245 /* Home.swift in Sources */,
				00E6749E2481E19B00506B61 /* AppDelegate.swift in Sources */,
				00E674A02481E19B00506B61 /* SceneDelegate.swift in Sources */,
				00BD7BF7248D519100D54516 /* AddImage.swift in Sources */,
				003BCDA42483E19000CE8981 /* Alert.swift in Sources */,
				00C94B742485A55500C43A52 /* SignUp.swift in Sources */,
				00C94B722485A54800C43A52 /* SignIn.swift in Sources */,
				00C94B762485A58300C43A52 /* ForgotPassword.swift in Sources */,
				0074EB03248EF71B0087C97C /* LeftMenu.swift in Sources */,
			);
			runOnlyForDeploymentPostprocessing = 0;
		};
/* End PBXSourcesBuildPhase section */

/* Begin PBXVariantGroup section */
		00325C912492F65900B61734 /* Localizable.strings */ = {
			isa = PBXVariantGroup;
			children = (
				00325C902492F65900B61734 /* en */,
				00325C942492F69700B61734 /* tr */,
				00325C972492F6AE00B61734 /* de */,
			);
			name = Localizable.strings;
			sourceTree = "<group>";
		};
		00E674A32481E19B00506B61 /* Main.storyboard */ = {
			isa = PBXVariantGroup;
			children = (
				00E674A42481E19B00506B61 /* Base */,
				00325C922492F69500B61734 /* tr */,
				00325C952492F6AE00B61734 /* de */,
			);
			name = Main.storyboard;
			sourceTree = "<group>";
		};
		00E674AB2481E19E00506B61 /* LaunchScreen.storyboard */ = {
			isa = PBXVariantGroup;
			children = (
				00E674AC2481E19E00506B61 /* Base */,
				00325C932492F69600B61734 /* tr */,
				00325C962492F6AE00B61734 /* de */,
			);
			name = LaunchScreen.storyboard;
			sourceTree = "<group>";
		};
/* End PBXVariantGroup section */

/* Begin XCBuildConfiguration section */
		00E674AF2481E19E00506B61 /* Debug */ = {
			isa = XCBuildConfiguration;
			buildSettings = {
				ALWAYS_SEARCH_USER_PATHS = NO;
				CLANG_ANALYZER_LOCALIZABILITY_NONLOCALIZED = YES;
				CLANG_ANALYZER_NONNULL = YES;
				CLANG_ANALYZER_NUMBER_OBJECT_CONVERSION = YES_AGGRESSIVE;
				CLANG_CXX_LANGUAGE_STANDARD = "gnu++14";
				CLANG_CXX_LIBRARY = "libc++";
				CLANG_ENABLE_MODULES = YES;
				CLANG_ENABLE_OBJC_ARC = YES;
				CLANG_ENABLE_OBJC_WEAK = YES;
				CLANG_WARN_BLOCK_CAPTURE_AUTORELEASING = YES;
				CLANG_WARN_BOOL_CONVERSION = YES;
				CLANG_WARN_COMMA = YES;
				CLANG_WARN_CONSTANT_CONVERSION = YES;
				CLANG_WARN_DEPRECATED_OBJC_IMPLEMENTATIONS = YES;
				CLANG_WARN_DIRECT_OBJC_ISA_USAGE = YES_ERROR;
				CLANG_WARN_DOCUMENTATION_COMMENTS = YES;
				CLANG_WARN_EMPTY_BODY = YES;
				CLANG_WARN_ENUM_CONVERSION = YES;
				CLANG_WARN_INFINITE_RECURSION = YES;
				CLANG_WARN_INT_CONVERSION = YES;
				CLANG_WARN_NON_LITERAL_NULL_CONVERSION = YES;
				CLANG_WARN_OBJC_IMPLICIT_RETAIN_SELF = YES;
				CLANG_WARN_OBJC_LITERAL_CONVERSION = YES;
				CLANG_WARN_OBJC_ROOT_CLASS = YES_ERROR;
				CLANG_WARN_RANGE_LOOP_ANALYSIS = YES;
				CLANG_WARN_STRICT_PROTOTYPES = YES;
				CLANG_WARN_SUSPICIOUS_MOVE = YES;
				CLANG_WARN_UNGUARDED_AVAILABILITY = YES_AGGRESSIVE;
				CLANG_WARN_UNREACHABLE_CODE = YES;
				CLANG_WARN__DUPLICATE_METHOD_MATCH = YES;
				COPY_PHASE_STRIP = NO;
				DEBUG_INFORMATION_FORMAT = dwarf;
				ENABLE_STRICT_OBJC_MSGSEND = YES;
				ENABLE_TESTABILITY = YES;
				GCC_C_LANGUAGE_STANDARD = gnu11;
				GCC_DYNAMIC_NO_PIC = NO;
				GCC_NO_COMMON_BLOCKS = YES;
				GCC_OPTIMIZATION_LEVEL = 0;
				GCC_PREPROCESSOR_DEFINITIONS = (
					"DEBUG=1",
					"$(inherited)",
				);
				GCC_WARN_64_TO_32_BIT_CONVERSION = YES;
				GCC_WARN_ABOUT_RETURN_TYPE = YES_ERROR;
				GCC_WARN_UNDECLARED_SELECTOR = YES;
				GCC_WARN_UNINITIALIZED_AUTOS = YES_AGGRESSIVE;
				GCC_WARN_UNUSED_FUNCTION = YES;
				GCC_WARN_UNUSED_VARIABLE = YES;
				IPHONEOS_DEPLOYMENT_TARGET = 13.5;
				MTL_ENABLE_DEBUG_INFO = INCLUDE_SOURCE;
				MTL_FAST_MATH = YES;
				ONLY_ACTIVE_ARCH = YES;
				SDKROOT = iphoneos;
				SWIFT_ACTIVE_COMPILATION_CONDITIONS = DEBUG;
				SWIFT_OPTIMIZATION_LEVEL = "-Onone";
			};
			name = Debug;
		};
		00E674B02481E19E00506B61 /* Release */ = {
			isa = XCBuildConfiguration;
			buildSettings = {
				ALWAYS_SEARCH_USER_PATHS = NO;
				CLANG_ANALYZER_LOCALIZABILITY_NONLOCALIZED = YES;
				CLANG_ANALYZER_NONNULL = YES;
				CLANG_ANALYZER_NUMBER_OBJECT_CONVERSION = YES_AGGRESSIVE;
				CLANG_CXX_LANGUAGE_STANDARD = "gnu++14";
				CLANG_CXX_LIBRARY = "libc++";
				CLANG_ENABLE_MODULES = YES;
				CLANG_ENABLE_OBJC_ARC = YES;
				CLANG_ENABLE_OBJC_WEAK = YES;
				CLANG_WARN_BLOCK_CAPTURE_AUTORELEASING = YES;
				CLANG_WARN_BOOL_CONVERSION = YES;
				CLANG_WARN_COMMA = YES;
				CLANG_WARN_CONSTANT_CONVERSION = YES;
				CLANG_WARN_DEPRECATED_OBJC_IMPLEMENTATIONS = YES;
				CLANG_WARN_DIRECT_OBJC_ISA_USAGE = YES_ERROR;
				CLANG_WARN_DOCUMENTATION_COMMENTS = YES;
				CLANG_WARN_EMPTY_BODY = YES;
				CLANG_WARN_ENUM_CONVERSION = YES;
				CLANG_WARN_INFINITE_RECURSION = YES;
				CLANG_WARN_INT_CONVERSION = YES;
				CLANG_WARN_NON_LITERAL_NULL_CONVERSION = YES;
				CLANG_WARN_OBJC_IMPLICIT_RETAIN_SELF = YES;
				CLANG_WARN_OBJC_LITERAL_CONVERSION = YES;
				CLANG_WARN_OBJC_ROOT_CLASS = YES_ERROR;
				CLANG_WARN_RANGE_LOOP_ANALYSIS = YES;
				CLANG_WARN_STRICT_PROTOTYPES = YES;
				CLANG_WARN_SUSPICIOUS_MOVE = YES;
				CLANG_WARN_UNGUARDED_AVAILABILITY = YES_AGGRESSIVE;
				CLANG_WARN_UNREACHABLE_CODE = YES;
				CLANG_WARN__DUPLICATE_METHOD_MATCH = YES;
				COPY_PHASE_STRIP = NO;
				DEBUG_INFORMATION_FORMAT = "dwarf-with-dsym";
				ENABLE_NS_ASSERTIONS = NO;
				ENABLE_STRICT_OBJC_MSGSEND = YES;
				GCC_C_LANGUAGE_STANDARD = gnu11;
				GCC_NO_COMMON_BLOCKS = YES;
				GCC_WARN_64_TO_32_BIT_CONVERSION = YES;
				GCC_WARN_ABOUT_RETURN_TYPE = YES_ERROR;
				GCC_WARN_UNDECLARED_SELECTOR = YES;
				GCC_WARN_UNINITIALIZED_AUTOS = YES_AGGRESSIVE;
				GCC_WARN_UNUSED_FUNCTION = YES;
				GCC_WARN_UNUSED_VARIABLE = YES;
				IPHONEOS_DEPLOYMENT_TARGET = 13.5;
				MTL_ENABLE_DEBUG_INFO = NO;
				MTL_FAST_MATH = YES;
				SDKROOT = iphoneos;
				SWIFT_COMPILATION_MODE = wholemodule;
				SWIFT_OPTIMIZATION_LEVEL = "-O";
				VALIDATE_PRODUCT = YES;
			};
			name = Release;
		};
		00E674B22481E19E00506B61 /* Debug */ = {
			isa = XCBuildConfiguration;
			baseConfigurationReference = 97713D30DC1B528C1FFCB276 /* Pods-Fiind.debug.xcconfig */;
			buildSettings = {
				ASSETCATALOG_COMPILER_APPICON_NAME = AppIcon;
				CODE_SIGN_STYLE = Automatic;
				DEVELOPMENT_TEAM = 924G634MRT;
				INFOPLIST_FILE = Fiind/Info.plist;
				IPHONEOS_DEPLOYMENT_TARGET = 13.0;
				LD_RUNPATH_SEARCH_PATHS = (
					"$(inherited)",
					"@executable_path/Frameworks",
				);
				PRODUCT_BUNDLE_IDENTIFIER = com.ilyas666.Fiind;
				PRODUCT_NAME = "$(TARGET_NAME)";
				SWIFT_VERSION = 5.0;
				TARGETED_DEVICE_FAMILY = "1,2";
			};
			name = Debug;
		};
		00E674B32481E19E00506B61 /* Release */ = {
			isa = XCBuildConfiguration;
			baseConfigurationReference = C0C6B0A14A7669131DF9BD83 /* Pods-Fiind.release.xcconfig */;
			buildSettings = {
				ASSETCATALOG_COMPILER_APPICON_NAME = AppIcon;
				CODE_SIGN_STYLE = Automatic;
				DEVELOPMENT_TEAM = 3XLGNFVB8K;
				INFOPLIST_FILE = Fiind/Info.plist;
				IPHONEOS_DEPLOYMENT_TARGET = 13.0;
				LD_RUNPATH_SEARCH_PATHS = (
					"$(inherited)",
					"@executable_path/Frameworks",
				);
				PRODUCT_BUNDLE_IDENTIFIER = com.ilyas666.Fiind;
				PRODUCT_NAME = "$(TARGET_NAME)";
				SWIFT_VERSION = 5.0;
				TARGETED_DEVICE_FAMILY = "1,2";
			};
			name = Release;
		};
/* End XCBuildConfiguration section */

/* Begin XCConfigurationList section */
		00E674952481E19B00506B61 /* Build configuration list for PBXProject "Fiind" */ = {
			isa = XCConfigurationList;
			buildConfigurations = (
				00E674AF2481E19E00506B61 /* Debug */,
				00E674B02481E19E00506B61 /* Release */,
			);
			defaultConfigurationIsVisible = 0;
			defaultConfigurationName = Release;
		};
		00E674B12481E19E00506B61 /* Build configuration list for PBXNativeTarget "Fiind" */ = {
			isa = XCConfigurationList;
			buildConfigurations = (
				00E674B22481E19E00506B61 /* Debug */,
				00E674B32481E19E00506B61 /* Release */,
			);
			defaultConfigurationIsVisible = 0;
			defaultConfigurationName = Release;
		};
/* End XCConfigurationList section */

/* Begin XCVersionGroup section */
		00E674A62481E19B00506B61 /* Fiind.xcdatamodeld */ = {
			isa = XCVersionGroup;
			children = (
				00E674A72481E19B00506B61 /* Fiind.xcdatamodel */,
			);
			currentVersion = 00E674A72481E19B00506B61 /* Fiind.xcdatamodel */;
			path = Fiind.xcdatamodeld;
			sourceTree = "<group>";
			versionGroupType = wrapper.xcdatamodel;
		};
/* End XCVersionGroup section */
	};
	rootObject = 00E674922481E19B00506B61 /* Project object */;
}
